
Microsoft Visual Studio Solution File, Format Version 12.00
# Visual Studio 15
VisualStudioVersion = 15.0.28307.757
MinimumVisualStudioVersion = 10.0.40219.1
Project("{888888A0-9F3D-457C-B088-3A5042F75D52}") = "Probe_proc", "Probe_proc\Probe_proc.pyproj", "{E6E838C2-8B7D-4E93-8064-6015F316A646}"
EndProject
Global
	GlobalSection(SolutionConfigurationPlatforms) = preSolution
		Debug|Any CPU = Debug|Any CPU
		Release|Any CPU = Release|Any CPU
	EndGlobalSection
	GlobalSection(ProjectConfigurationPlatforms) = postSolution
		{E6E838C2-8B7D-4E93-8064-6015F316A646}.Debug|Any CPU.ActiveCfg = Debug|Any CPU
		{E6E838C2-8B7D-4E93-8064-6015F316A646}.Release|Any CPU.ActiveCfg = Release|Any CPU
	EndGlobalSection
	GlobalSection(SolutionProperties) = preSolution
		HideSolutionNode = FALSE
	EndGlobalSection
	GlobalSection(ExtensibilityGlobals) = postSolution
		SolutionGuid = {4AA3CAA4-CCE3-4C18-A453-D85CDA8A492D}
	EndGlobalSection
EndGlobal
